schema: '2.0'
stages:
  split:
    cmd: venv/bin/python src/split.py
    deps:
    - path: data/raw
      hash: md5
      md5: ba98a010cdc15708d4560a3c2783c819.dir
      size: 204875516
      nfiles: 1655
    - path: params.yaml
      hash: md5
      md5: 5b617fc998ce6d1bdf3aa01d1a52200e
      size: 70
    - path: src/split.py
      hash: md5
      md5: 8ea96fd895abd0039227cb8804c515c1
      size: 1218
    outs:
    - path: data/processed/test.csv
      hash: md5
      md5: 37343dbcd9b773532ab4beb28f79e900
      size: 7650
    - path: data/processed/train.csv
      hash: md5
      md5: 506aa26985dc8365c3f8d5a9cef3151e
      size: 43255
  train:
    cmd: venv/bin/python src/train.py
    deps:
    - path: data/processed/test.csv
      hash: md5
      md5: 37343dbcd9b773532ab4beb28f79e900
      size: 7650
    - path: data/processed/train.csv
      hash: md5
      md5: 506aa26985dc8365c3f8d5a9cef3151e
      size: 43255
    - path: params.yaml
      hash: md5
      md5: 5b617fc998ce6d1bdf3aa01d1a52200e
      size: 70
    - path: src/makeplots.py
      hash: md5
      md5: 69b95b40be85cc41278a2fd7d50c8681
      size: 1531
    - path: src/modeling.py
      hash: md5
      md5: b0758f30b947b9b0137d1bb65f710035
      size: 3743
    - path: src/preparing.py
      hash: md5
      md5: c785c95b5650e7b7eaf681eb3fb584e7
      size: 1224
    - path: src/train.py
      hash: md5
      md5: 7f4b77caeff1a6e47d69e90f83a438fc
      size: 2754
    outs:
    - path: metrics/summary.json
      hash: md5
      md5: 214f7256afa61fc22fc2e7eca07b0e83
      size: 226
    - path: models/
      hash: md5
      md5: 8a983cd386dd13ceef3e072338c4d37c.dir
      size: 87772330
      nfiles: 2
    - path: plots/
      hash: md5
      md5: 9362e321b5fdd86d2d5d469547a96961.dir
      size: 161683
      nfiles: 5
